
Microsoft Visual Studio Solution File, Format Version 12.00
# Visual Studio Version 17
VisualStudioVersion = 17.8.34330.188
MinimumVisualStudioVersion = 10.0.40219.1
Project("{FAE04EC0-301F-11D3-BF4B-00C04F79EFBC}") = "ChorePoint.API", "ChorePoint.API\ChorePoint.API.csproj", "{C9C882FD-9F03-4B4A-9EC3-C835D129B644}"
EndProject
Project("{FAE04EC0-301F-11D3-BF4B-00C04F79EFBC}") = "ChorePoint.Application", "ChorePoint.Application\ChorePoint.Application.csproj", "{FE8A92EB-D8BB-463F-9E29-098F6CD96393}"
EndProject
Project("{FAE04EC0-301F-11D3-BF4B-00C04F79EFBC}") = "ChorePoint.Domain", "ChorePoint.Domain\ChorePoint.Domain.csproj", "{9B575CCC-A703-4530-BD8D-14D9E9846F2E}"
EndProject
Project("{FAE04EC0-301F-11D3-BF4B-00C04F79EFBC}") = "ChorePoint.Infrastructure", "ChorePoint.Infrastructure\ChorePoint.Infrastructure.csproj", "{1C4665E2-4EFD-4C91-9F1C-0EE6B79B2F86}"
EndProject
Global
	GlobalSection(SolutionConfigurationPlatforms) = preSolution
		Debug|Any CPU = Debug|Any CPU
		Release|Any CPU = Release|Any CPU
	EndGlobalSection
	GlobalSection(ProjectConfigurationPlatforms) = postSolution
		{C9C882FD-9F03-4B4A-9EC3-C835D129B644}.Debug|Any CPU.ActiveCfg = Debug|Any CPU
		{C9C882FD-9F03-4B4A-9EC3-C835D129B644}.Debug|Any CPU.Build.0 = Debug|Any CPU
		{C9C882FD-9F03-4B4A-9EC3-C835D129B644}.Release|Any CPU.ActiveCfg = Release|Any CPU
		{C9C882FD-9F03-4B4A-9EC3-C835D129B644}.Release|Any CPU.Build.0 = Release|Any CPU
		{FE8A92EB-D8BB-463F-9E29-098F6CD96393}.Debug|Any CPU.ActiveCfg = Debug|Any CPU
		{FE8A92EB-D8BB-463F-9E29-098F6CD96393}.Debug|Any CPU.Build.0 = Debug|Any CPU
		{FE8A92EB-D8BB-463F-9E29-098F6CD96393}.Release|Any CPU.ActiveCfg = Release|Any CPU
		{FE8A92EB-D8BB-463F-9E29-098F6CD96393}.Release|Any CPU.Build.0 = Release|Any CPU
		{9B575CCC-A703-4530-BD8D-14D9E9846F2E}.Debug|Any CPU.ActiveCfg = Debug|Any CPU
		{9B575CCC-A703-4530-BD8D-14D9E9846F2E}.Debug|Any CPU.Build.0 = Debug|Any CPU
		{9B575CCC-A703-4530-BD8D-14D9E9846F2E}.Release|Any CPU.ActiveCfg = Release|Any CPU
		{9B575CCC-A703-4530-BD8D-14D9E9846F2E}.Release|Any CPU.Build.0 = Release|Any CPU
		{1C4665E2-4EFD-4C91-9F1C-0EE6B79B2F86}.Debug|Any CPU.ActiveCfg = Debug|Any CPU
		{1C4665E2-4EFD-4C91-9F1C-0EE6B79B2F86}.Debug|Any CPU.Build.0 = Debug|Any CPU
		{1C4665E2-4EFD-4C91-9F1C-0EE6B79B2F86}.Release|Any CPU.ActiveCfg = Release|Any CPU
		{1C4665E2-4EFD-4C91-9F1C-0EE6B79B2F86}.Release|Any CPU.Build.0 = Release|Any CPU
	EndGlobalSection
	GlobalSection(SolutionProperties) = preSolution
		HideSolutionNode = FALSE
	EndGlobalSection
	GlobalSection(ExtensibilityGlobals) = postSolution
		SolutionGuid = {A29B5663-EB4B-4BCF-922F-8A69CE1837A1}
	EndGlobalSection
EndGlobal
